PODS:
  - MoEngage-iOS-SDK (4.0.1)
  - MORichNotification (2.0.0)

DEPENDENCIES:
  - MoEngage-iOS-SDK
  - MORichNotification

SPEC REPOS:
  https://github.com/CocoaPods/Specs.git:
    - MoEngage-iOS-SDK
    - MORichNotification

SPEC CHECKSUMS:
  MoEngage-iOS-SDK: 275a5005560d23b1d347f5276777f3d54f56a363
  MORichNotification: ca27dd3c84474b2f9d11c7aee8eb04a88c35e1d1

PODFILE CHECKSUM: bda3be50e546095c6bb24f1b3805379c563e65c2

COCOAPODS: 1.5.0
